lockfileVersion: '6.0'

settings:
  autoInstallPeers: true
  excludeLinksFromLockfile: false

devDependencies:
  '@grafbase/sdk':
    specifier: ~0.12.0
    version: 0.12.0

packages:

  /@grafbase/sdk@0.12.0:
    resolution: {integrity: sha512-QxQTxd3YRLAl9k0VQ4ZRuRAGiBU3R6GUT5nB5R06rkGuviCsnbnfzgcnnV0orEfsF7vQXIQDx79ieit9Z1G1aw==}
    engines: {node: '>=16.13.0'}
    dependencies:
      dotenv: 16.3.1
      type-fest: 3.13.1
    dev: true

  /dotenv@16.3.1:
    resolution: {integrity: sha512-IPzF4w4/Rd94bA9imS68tZBaYyBWSCE47V1RGuMrB94iyTOIEwRmVL2x/4An+6mETpLrKJ5hQkB8W4kFAadeIQ==}
    engines: {node: '>=12'}
    dev: true

  /type-fest@3.13.1:
    resolution: {integrity: sha512-tLq3bSNx+xSpwvAJnzrK0Ep5CLNWjvFTOp71URMaAEWBfRb9nnJiBoUe0tF8bI4ZFO3omgBR6NvnbzVUT3Ly4g==}
    engines: {node: '>=14.16'}
    dev: true
